
Microsoft Visual Studio Solution File, Format Version 12.00
# Visual Studio Version 16
VisualStudioVersion = 16.0.29709.97
MinimumVisualStudioVersion = 10.0.40219.1
Project("{FAE04EC0-301F-11D3-BF4B-00C04F79EFBC}") = "Portal", "Portal\Portal.csproj", "{ADF9122E-84B7-4861-8110-D218ADB610DC}"
EndProject
Global
	GlobalSection(SolutionConfigurationPlatforms) = preSolution
		Debug|Any CPU = Debug|Any CPU
		Release|Any CPU = Release|Any CPU
	EndGlobalSection
	GlobalSection(ProjectConfigurationPlatforms) = postSolution
		{ADF9122E-84B7-4861-8110-D218ADB610DC}.Debug|Any CPU.ActiveCfg = Debug|Any CPU
		{ADF9122E-84B7-4861-8110-D218ADB610DC}.Debug|Any CPU.Build.0 = Debug|Any CPU
		{ADF9122E-84B7-4861-8110-D218ADB610DC}.Release|Any CPU.ActiveCfg = Release|Any CPU
		{ADF9122E-84B7-4861-8110-D218ADB610DC}.Release|Any CPU.Build.0 = Release|Any CPU
	EndGlobalSection
	GlobalSection(SolutionProperties) = preSolution
		HideSolutionNode = FALSE
	EndGlobalSection
	GlobalSection(ExtensibilityGlobals) = postSolution
		SolutionGuid = {2BA7755A-B86A-4FC7-A7C3-82E6C05B99AC}
	EndGlobalSection
EndGlobal
